
Microsoft Visual Studio Solution File, Format Version 12.00
# Visual Studio Version 17
VisualStudioVersion = 17.2.32630.192
MinimumVisualStudioVersion = 10.0.40219.1
Project("{FAE04EC0-301F-11D3-BF4B-00C04F79EFBC}") = "ClassSubmissionAssignment", "ClassSubmissionAssignment\ClassSubmissionAssignment.csproj", "{CA0E2038-6CC2-478D-B791-07EFC595253D}"
EndProject
Global
	GlobalSection(SolutionConfigurationPlatforms) = preSolution
		Debug|Any CPU = Debug|Any CPU
		Release|Any CPU = Release|Any CPU
	EndGlobalSection
	GlobalSection(ProjectConfigurationPlatforms) = postSolution
		{CA0E2038-6CC2-478D-B791-07EFC595253D}.Debug|Any CPU.ActiveCfg = Debug|Any CPU
		{CA0E2038-6CC2-478D-B791-07EFC595253D}.Debug|Any CPU.Build.0 = Debug|Any CPU
		{CA0E2038-6CC2-478D-B791-07EFC595253D}.Release|Any CPU.ActiveCfg = Release|Any CPU
		{CA0E2038-6CC2-478D-B791-07EFC595253D}.Release|Any CPU.Build.0 = Release|Any CPU
	EndGlobalSection
	GlobalSection(SolutionProperties) = preSolution
		HideSolutionNode = FALSE
	EndGlobalSection
	GlobalSection(ExtensibilityGlobals) = postSolution
		SolutionGuid = {A4AB75E2-AB9E-4E0B-8E71-BCE970A70894}
	EndGlobalSection
EndGlobal
