
Microsoft Visual Studio Solution File, Format Version 12.00
# Visual Studio Version 17
VisualStudioVersion = 17.2.32630.192
MinimumVisualStudioVersion = 10.0.40219.1
Project("{FAE04EC0-301F-11D3-BF4B-00C04F79EFBC}") = "Main_Method", "Main_Method\Main_Method.csproj", "{E83A74BD-B0E9-4DC4-8F65-607D740AE56E}"
EndProject
Global
	GlobalSection(SolutionConfigurationPlatforms) = preSolution
		Debug|Any CPU = Debug|Any CPU
		Release|Any CPU = Release|Any CPU
	EndGlobalSection
	GlobalSection(ProjectConfigurationPlatforms) = postSolution
		{E83A74BD-B0E9-4DC4-8F65-607D740AE56E}.Debug|Any CPU.ActiveCfg = Debug|Any CPU
		{E83A74BD-B0E9-4DC4-8F65-607D740AE56E}.Debug|Any CPU.Build.0 = Debug|Any CPU
		{E83A74BD-B0E9-4DC4-8F65-607D740AE56E}.Release|Any CPU.ActiveCfg = Release|Any CPU
		{E83A74BD-B0E9-4DC4-8F65-607D740AE56E}.Release|Any CPU.Build.0 = Release|Any CPU
	EndGlobalSection
	GlobalSection(SolutionProperties) = preSolution
		HideSolutionNode = FALSE
	EndGlobalSection
	GlobalSection(ExtensibilityGlobals) = postSolution
		SolutionGuid = {8D0DE2CC-6473-4DF4-A93B-C71A41265A0B}
	EndGlobalSection
EndGlobal
