
Microsoft Visual Studio Solution File, Format Version 12.00
# Visual Studio Version 17
VisualStudioVersion = 17.2.32630.192
MinimumVisualStudioVersion = 10.0.40219.1
Project("{FAE04EC0-301F-11D3-BF4B-00C04F79EFBC}") = "OperatorsSubmission", "OperatorsSubmission\OperatorsSubmission.csproj", "{91FAF56C-BC21-441F-ACD7-7F25E90C91FB}"
EndProject
Global
	GlobalSection(SolutionConfigurationPlatforms) = preSolution
		Debug|Any CPU = Debug|Any CPU
		Release|Any CPU = Release|Any CPU
	EndGlobalSection
	GlobalSection(ProjectConfigurationPlatforms) = postSolution
		{91FAF56C-BC21-441F-ACD7-7F25E90C91FB}.Debug|Any CPU.ActiveCfg = Debug|Any CPU
		{91FAF56C-BC21-441F-ACD7-7F25E90C91FB}.Debug|Any CPU.Build.0 = Debug|Any CPU
		{91FAF56C-BC21-441F-ACD7-7F25E90C91FB}.Release|Any CPU.ActiveCfg = Release|Any CPU
		{91FAF56C-BC21-441F-ACD7-7F25E90C91FB}.Release|Any CPU.Build.0 = Release|Any CPU
	EndGlobalSection
	GlobalSection(SolutionProperties) = preSolution
		HideSolutionNode = FALSE
	EndGlobalSection
	GlobalSection(ExtensibilityGlobals) = postSolution
		SolutionGuid = {77735FEC-8376-4752-BED5-C951FE1EEF48}
	EndGlobalSection
EndGlobal
