
Microsoft Visual Studio Solution File, Format Version 12.00
# Visual Studio Version 17
VisualStudioVersion = 17.2.32630.192
MinimumVisualStudioVersion = 10.0.40219.1
Project("{FAE04EC0-301F-11D3-BF4B-00C04F79EFBC}") = "DailyReportSubmission", "DailyReportSubmission\DailyReportSubmission.csproj", "{976E7509-A4CD-4771-A6D9-66479DBB46CC}"
EndProject
Global
	GlobalSection(SolutionConfigurationPlatforms) = preSolution
		Debug|Any CPU = Debug|Any CPU
		Release|Any CPU = Release|Any CPU
	EndGlobalSection
	GlobalSection(ProjectConfigurationPlatforms) = postSolution
		{976E7509-A4CD-4771-A6D9-66479DBB46CC}.Debug|Any CPU.ActiveCfg = Debug|Any CPU
		{976E7509-A4CD-4771-A6D9-66479DBB46CC}.Debug|Any CPU.Build.0 = Debug|Any CPU
		{976E7509-A4CD-4771-A6D9-66479DBB46CC}.Release|Any CPU.ActiveCfg = Release|Any CPU
		{976E7509-A4CD-4771-A6D9-66479DBB46CC}.Release|Any CPU.Build.0 = Release|Any CPU
	EndGlobalSection
	GlobalSection(SolutionProperties) = preSolution
		HideSolutionNode = FALSE
	EndGlobalSection
	GlobalSection(ExtensibilityGlobals) = postSolution
		SolutionGuid = {325A671F-A502-413F-BB2C-79540C129DC5}
	EndGlobalSection
EndGlobal
