
Microsoft Visual Studio Solution File, Format Version 12.00
# Visual Studio Version 17
VisualStudioVersion = 17.2.32630.192
MinimumVisualStudioVersion = 10.0.40219.1
Project("{FAE04EC0-301F-11D3-BF4B-00C04F79EFBC}") = "ConsoleAppWhileDo", "ConsoleAppWhileDo\ConsoleAppWhileDo.csproj", "{B08DA543-CACA-4FD3-94AB-7F085643075E}"
EndProject
Global
	GlobalSection(SolutionConfigurationPlatforms) = preSolution
		Debug|Any CPU = Debug|Any CPU
		Release|Any CPU = Release|Any CPU
	EndGlobalSection
	GlobalSection(ProjectConfigurationPlatforms) = postSolution
		{B08DA543-CACA-4FD3-94AB-7F085643075E}.Debug|Any CPU.ActiveCfg = Debug|Any CPU
		{B08DA543-CACA-4FD3-94AB-7F085643075E}.Debug|Any CPU.Build.0 = Debug|Any CPU
		{B08DA543-CACA-4FD3-94AB-7F085643075E}.Release|Any CPU.ActiveCfg = Release|Any CPU
		{B08DA543-CACA-4FD3-94AB-7F085643075E}.Release|Any CPU.Build.0 = Release|Any CPU
	EndGlobalSection
	GlobalSection(SolutionProperties) = preSolution
		HideSolutionNode = FALSE
	EndGlobalSection
	GlobalSection(ExtensibilityGlobals) = postSolution
		SolutionGuid = {571F1C7E-FD75-40C8-B74E-83ADD669280D}
	EndGlobalSection
EndGlobal
