
Microsoft Visual Studio Solution File, Format Version 12.00
# Visual Studio Version 17
VisualStudioVersion = 17.2.32630.192
MinimumVisualStudioVersion = 10.0.40219.1
Project("{FAE04EC0-301F-11D3-BF4B-00C04F79EFBC}") = "MethodClass", "MethodClass\MethodClass.csproj", "{115CFC83-3FDE-42B9-B9E6-D88EFB624764}"
EndProject
Global
	GlobalSection(SolutionConfigurationPlatforms) = preSolution
		Debug|Any CPU = Debug|Any CPU
		Release|Any CPU = Release|Any CPU
	EndGlobalSection
	GlobalSection(ProjectConfigurationPlatforms) = postSolution
		{115CFC83-3FDE-42B9-B9E6-D88EFB624764}.Debug|Any CPU.ActiveCfg = Debug|Any CPU
		{115CFC83-3FDE-42B9-B9E6-D88EFB624764}.Debug|Any CPU.Build.0 = Debug|Any CPU
		{115CFC83-3FDE-42B9-B9E6-D88EFB624764}.Release|Any CPU.ActiveCfg = Release|Any CPU
		{115CFC83-3FDE-42B9-B9E6-D88EFB624764}.Release|Any CPU.Build.0 = Release|Any CPU
	EndGlobalSection
	GlobalSection(SolutionProperties) = preSolution
		HideSolutionNode = FALSE
	EndGlobalSection
	GlobalSection(ExtensibilityGlobals) = postSolution
		SolutionGuid = {887D67CE-3A56-442F-AB83-A3CBA32403B1}
	EndGlobalSection
EndGlobal
