
Microsoft Visual Studio Solution File, Format Version 12.00
# Visual Studio Version 17
VisualStudioVersion = 17.2.32630.192
MinimumVisualStudioVersion = 10.0.40219.1
Project("{FAE04EC0-301F-11D3-BF4B-00C04F79EFBC}") = "MainMethodMath", "MainMethodMath\MainMethodMath.csproj", "{E67824F0-6E1C-4DBF-AFA6-4F9A2647B72B}"
EndProject
Global
	GlobalSection(SolutionConfigurationPlatforms) = preSolution
		Debug|Any CPU = Debug|Any CPU
		Release|Any CPU = Release|Any CPU
	EndGlobalSection
	GlobalSection(ProjectConfigurationPlatforms) = postSolution
		{E67824F0-6E1C-4DBF-AFA6-4F9A2647B72B}.Debug|Any CPU.ActiveCfg = Debug|Any CPU
		{E67824F0-6E1C-4DBF-AFA6-4F9A2647B72B}.Debug|Any CPU.Build.0 = Debug|Any CPU
		{E67824F0-6E1C-4DBF-AFA6-4F9A2647B72B}.Release|Any CPU.ActiveCfg = Release|Any CPU
		{E67824F0-6E1C-4DBF-AFA6-4F9A2647B72B}.Release|Any CPU.Build.0 = Release|Any CPU
	EndGlobalSection
	GlobalSection(SolutionProperties) = preSolution
		HideSolutionNode = FALSE
	EndGlobalSection
	GlobalSection(ExtensibilityGlobals) = postSolution
		SolutionGuid = {4488AB16-8C27-469F-9D3A-04825D54F780}
	EndGlobalSection
EndGlobal
